
Microsoft Visual Studio Solution File, Format Version 12.00
# Visual Studio Version 17
VisualStudioVersion = 17.9.34728.123
MinimumVisualStudioVersion = 10.0.40219.1
Project("{FAE04EC0-301F-11D3-BF4B-00C04F79EFBC}") = "FitnessCenterProject", "FitnessCenterProject.csproj", "{2D7C7082-A27A-489C-BBF0-664211A57EDF}"
EndProject
Global
	GlobalSection(SolutionConfigurationPlatforms) = preSolution
		Debug|Any CPU = Debug|Any CPU
		Release|Any CPU = Release|Any CPU
	EndGlobalSection
	GlobalSection(ProjectConfigurationPlatforms) = postSolution
		{2D7C7082-A27A-489C-BBF0-664211A57EDF}.Debug|Any CPU.ActiveCfg = Debug|Any CPU
		{2D7C7082-A27A-489C-BBF0-664211A57EDF}.Debug|Any CPU.Build.0 = Debug|Any CPU
		{2D7C7082-A27A-489C-BBF0-664211A57EDF}.Release|Any CPU.ActiveCfg = Release|Any CPU
		{2D7C7082-A27A-489C-BBF0-664211A57EDF}.Release|Any CPU.Build.0 = Release|Any CPU
	EndGlobalSection
	GlobalSection(SolutionProperties) = preSolution
		HideSolutionNode = FALSE
	EndGlobalSection
	GlobalSection(ExtensibilityGlobals) = postSolution
		SolutionGuid = {1114DF2F-F8ED-45DB-A599-1AD0742723BC}
	EndGlobalSection
EndGlobal
